
Microsoft Visual Studio Solution File, Format Version 12.00
# Visual Studio 15
VisualStudioVersion = 15.0.28307.539
MinimumVisualStudioVersion = 10.0.40219.1
Project("{FAE04EC0-301F-11D3-BF4B-00C04F79EFBC}") = "MigrationsWithCmd", "MigrationsWithCmd\MigrationsWithCmd.csproj", "{C2D12A10-4B1A-4016-892F-26E07C68ECD6}"
EndProject
Global
	GlobalSection(SolutionConfigurationPlatforms) = preSolution
		Debug|Any CPU = Debug|Any CPU
		Release|Any CPU = Release|Any CPU
	EndGlobalSection
	GlobalSection(ProjectConfigurationPlatforms) = postSolution
		{C2D12A10-4B1A-4016-892F-26E07C68ECD6}.Debug|Any CPU.ActiveCfg = Debug|Any CPU
		{C2D12A10-4B1A-4016-892F-26E07C68ECD6}.Debug|Any CPU.Build.0 = Debug|Any CPU
		{C2D12A10-4B1A-4016-892F-26E07C68ECD6}.Release|Any CPU.ActiveCfg = Release|Any CPU
		{C2D12A10-4B1A-4016-892F-26E07C68ECD6}.Release|Any CPU.Build.0 = Release|Any CPU
	EndGlobalSection
	GlobalSection(SolutionProperties) = preSolution
		HideSolutionNode = FALSE
	EndGlobalSection
	GlobalSection(ExtensibilityGlobals) = postSolution
		SolutionGuid = {E2A2E4A9-B0BE-4CA1-8BA0-A89C47934069}
	EndGlobalSection
EndGlobal
